
Microsoft Visual Studio Solution File, Format Version 12.00
# Visual Studio Version 16
VisualStudioVersion = 16.0.29728.190
MinimumVisualStudioVersion = 10.0.40219.1
Project("{FAE04EC0-301F-11D3-BF4B-00C04F79EFBC}") = "GeoLocationAPI", "GeoLocationAPI\GeoLocationAPI.csproj", "{87C7B6E2-C6C0-4C76-A68D-8E2504901CF5}"
EndProject
Global
	GlobalSection(SolutionConfigurationPlatforms) = preSolution
		Debug|Any CPU = Debug|Any CPU
		Release|Any CPU = Release|Any CPU
	EndGlobalSection
	GlobalSection(ProjectConfigurationPlatforms) = postSolution
		{87C7B6E2-C6C0-4C76-A68D-8E2504901CF5}.Debug|Any CPU.ActiveCfg = Debug|Any CPU
		{87C7B6E2-C6C0-4C76-A68D-8E2504901CF5}.Debug|Any CPU.Build.0 = Debug|Any CPU
		{87C7B6E2-C6C0-4C76-A68D-8E2504901CF5}.Release|Any CPU.ActiveCfg = Release|Any CPU
		{87C7B6E2-C6C0-4C76-A68D-8E2504901CF5}.Release|Any CPU.Build.0 = Release|Any CPU
	EndGlobalSection
	GlobalSection(SolutionProperties) = preSolution
		HideSolutionNode = FALSE
	EndGlobalSection
	GlobalSection(ExtensibilityGlobals) = postSolution
		SolutionGuid = {11DE9E39-7D6A-4233-86BA-C58BF3D0B988}
	EndGlobalSection
EndGlobal
